
Microsoft Visual Studio Solution File, Format Version 12.00
# Visual Studio Version 17
VisualStudioVersion = 17.4.33213.308
MinimumVisualStudioVersion = 10.0.40219.1
Project("{FAE04EC0-301F-11D3-BF4B-00C04F79EFBC}") = "gamebasics_test_project", "gamebasics_test_project\gamebasics_test_project.csproj", "{3346787C-9B3F-4950-8FF6-574342B0A21E}"
EndProject
Global
	GlobalSection(SolutionConfigurationPlatforms) = preSolution
		Debug|Any CPU = Debug|Any CPU
		Release|Any CPU = Release|Any CPU
	EndGlobalSection
	GlobalSection(ProjectConfigurationPlatforms) = postSolution
		{3346787C-9B3F-4950-8FF6-574342B0A21E}.Debug|Any CPU.ActiveCfg = Debug|Any CPU
		{3346787C-9B3F-4950-8FF6-574342B0A21E}.Debug|Any CPU.Build.0 = Debug|Any CPU
		{3346787C-9B3F-4950-8FF6-574342B0A21E}.Release|Any CPU.ActiveCfg = Release|Any CPU
		{3346787C-9B3F-4950-8FF6-574342B0A21E}.Release|Any CPU.Build.0 = Release|Any CPU
	EndGlobalSection
	GlobalSection(SolutionProperties) = preSolution
		HideSolutionNode = FALSE
	EndGlobalSection
	GlobalSection(ExtensibilityGlobals) = postSolution
		SolutionGuid = {BAD45FDD-DB87-4374-958B-83874C7D81C6}
	EndGlobalSection
EndGlobal
